
Microsoft Visual Studio Solution File, Format Version 12.00
# Visual Studio 15
VisualStudioVersion = 15.0.26430.16
MinimumVisualStudioVersion = 10.0.40219.1
Project("{FAE04EC0-301F-11D3-BF4B-00C04F79EFBC}") = "FreeControls", "PersianDate\FreeControls.csproj", "{BEE49F5A-26B9-4B80-B76A-5ACB462BD8F5}"
EndProject
Project("{54435603-DBB4-11D2-8724-00A0C9A8B90C}") = "Setup", "Setup\Setup.vdproj", "{FD523DC7-195C-49DA-A781-01EF9596F67E}"
EndProject
Project("{F184B08F-C81C-45F6-A57F-5ABD9991F28F}") = "Tayebin", "Tayebin\Tayebin.vbproj", "{964114CB-ADBC-48E3-8DC6-795785D16FA6}"
EndProject
Global
	GlobalSection(SolutionConfigurationPlatforms) = preSolution
		Debug|Any CPU = Debug|Any CPU
		Release|Any CPU = Release|Any CPU
	EndGlobalSection
	GlobalSection(ProjectConfigurationPlatforms) = postSolution
		{BEE49F5A-26B9-4B80-B76A-5ACB462BD8F5}.Debug|Any CPU.ActiveCfg = Debug|Any CPU
		{BEE49F5A-26B9-4B80-B76A-5ACB462BD8F5}.Debug|Any CPU.Build.0 = Debug|Any CPU
		{BEE49F5A-26B9-4B80-B76A-5ACB462BD8F5}.Release|Any CPU.ActiveCfg = Release|Any CPU
		{BEE49F5A-26B9-4B80-B76A-5ACB462BD8F5}.Release|Any CPU.Build.0 = Release|Any CPU
		{FD523DC7-195C-49DA-A781-01EF9596F67E}.Debug|Any CPU.ActiveCfg = Debug
		{FD523DC7-195C-49DA-A781-01EF9596F67E}.Release|Any CPU.ActiveCfg = Release
		{FD523DC7-195C-49DA-A781-01EF9596F67E}.Release|Any CPU.Build.0 = Release
		{FD523DC7-195C-49DA-A781-01EF9596F67E}.Release|Any CPU.Deploy.0 = Release
		{964114CB-ADBC-48E3-8DC6-795785D16FA6}.Debug|Any CPU.ActiveCfg = Debug|Any CPU
		{964114CB-ADBC-48E3-8DC6-795785D16FA6}.Debug|Any CPU.Build.0 = Debug|Any CPU
		{964114CB-ADBC-48E3-8DC6-795785D16FA6}.Release|Any CPU.ActiveCfg = Release|Any CPU
		{964114CB-ADBC-48E3-8DC6-795785D16FA6}.Release|Any CPU.Build.0 = Release|Any CPU
	EndGlobalSection
	GlobalSection(SolutionProperties) = preSolution
		HideSolutionNode = FALSE
	EndGlobalSection
EndGlobal
